
Microsoft Visual Studio Solution File, Format Version 12.00
# Visual Studio Version 16
VisualStudioVersion = 16.0.31624.102
MinimumVisualStudioVersion = 10.0.40219.1
Project("{FAE04EC0-301F-11D3-BF4B-00C04F79EFBC}") = "CSharp获取PE基础信息", "CSharp获取PE基础信息.csproj", "{85A1E21F-7159-4EBD-B826-247ACE2B9AFB}"
EndProject
Global
	GlobalSection(SolutionConfigurationPlatforms) = preSolution
		Debug|Any CPU = Debug|Any CPU
		Release|Any CPU = Release|Any CPU
	EndGlobalSection
	GlobalSection(ProjectConfigurationPlatforms) = postSolution
		{85A1E21F-7159-4EBD-B826-247ACE2B9AFB}.Debug|Any CPU.ActiveCfg = Debug|Any CPU
		{85A1E21F-7159-4EBD-B826-247ACE2B9AFB}.Debug|Any CPU.Build.0 = Debug|Any CPU
		{85A1E21F-7159-4EBD-B826-247ACE2B9AFB}.Release|Any CPU.ActiveCfg = Release|Any CPU
		{85A1E21F-7159-4EBD-B826-247ACE2B9AFB}.Release|Any CPU.Build.0 = Release|Any CPU
	EndGlobalSection
	GlobalSection(SolutionProperties) = preSolution
		HideSolutionNode = FALSE
	EndGlobalSection
	GlobalSection(ExtensibilityGlobals) = postSolution
		SolutionGuid = {C2F169CA-F634-4D7F-A197-2E1D7BA83BAA}
	EndGlobalSection
EndGlobal
